
Microsoft Visual Studio Solution File, Format Version 12.00
# Visual Studio Version 16
VisualStudioVersion = 16.0.30907.101
MinimumVisualStudioVersion = 10.0.40219.1
Project("{9A19103F-16F7-4668-BE54-9A1E7A4F7556}") = "ProyectoLab.Data", "LabCrud.Data\ProyectoLab.Data.csproj", "{21BE3B48-3D1A-4D44-8C86-D3917B3ED427}"
EndProject
Project("{9A19103F-16F7-4668-BE54-9A1E7A4F7556}") = "ProyectoLab.Models", "LabCrud.Models\ProyectoLab.Models.csproj", "{255CB55F-A355-430A-BDF1-FC3AFF14ABDA}"
EndProject
Project("{9A19103F-16F7-4668-BE54-9A1E7A4F7556}") = "ProyectoLab.Web", "LabCrud.Web\ProyectoLab.Web.csproj", "{3A892FCC-D20C-4EC0-9796-2C8C5D1593B1}"
EndProject
Global
	GlobalSection(SolutionConfigurationPlatforms) = preSolution
		Debug|Any CPU = Debug|Any CPU
		Release|Any CPU = Release|Any CPU
	EndGlobalSection
	GlobalSection(ProjectConfigurationPlatforms) = postSolution
		{21BE3B48-3D1A-4D44-8C86-D3917B3ED427}.Debug|Any CPU.ActiveCfg = Debug|Any CPU
		{21BE3B48-3D1A-4D44-8C86-D3917B3ED427}.Debug|Any CPU.Build.0 = Debug|Any CPU
		{21BE3B48-3D1A-4D44-8C86-D3917B3ED427}.Release|Any CPU.ActiveCfg = Release|Any CPU
		{21BE3B48-3D1A-4D44-8C86-D3917B3ED427}.Release|Any CPU.Build.0 = Release|Any CPU
		{255CB55F-A355-430A-BDF1-FC3AFF14ABDA}.Debug|Any CPU.ActiveCfg = Debug|Any CPU
		{255CB55F-A355-430A-BDF1-FC3AFF14ABDA}.Debug|Any CPU.Build.0 = Debug|Any CPU
		{255CB55F-A355-430A-BDF1-FC3AFF14ABDA}.Release|Any CPU.ActiveCfg = Release|Any CPU
		{255CB55F-A355-430A-BDF1-FC3AFF14ABDA}.Release|Any CPU.Build.0 = Release|Any CPU
		{3A892FCC-D20C-4EC0-9796-2C8C5D1593B1}.Debug|Any CPU.ActiveCfg = Debug|Any CPU
		{3A892FCC-D20C-4EC0-9796-2C8C5D1593B1}.Debug|Any CPU.Build.0 = Debug|Any CPU
		{3A892FCC-D20C-4EC0-9796-2C8C5D1593B1}.Release|Any CPU.ActiveCfg = Release|Any CPU
		{3A892FCC-D20C-4EC0-9796-2C8C5D1593B1}.Release|Any CPU.Build.0 = Release|Any CPU
	EndGlobalSection
	GlobalSection(SolutionProperties) = preSolution
		HideSolutionNode = FALSE
	EndGlobalSection
	GlobalSection(ExtensibilityGlobals) = postSolution
		SolutionGuid = {E365342A-CB1F-4CDD-8B36-5C911117BC18}
	EndGlobalSection
EndGlobal
